github.com/buger/jsonparser v0.0.0-20191204142016-1a29609e0929 h1:MW/JDk68Rny52yI0M0N+P8lySNgB+NhpI/uAmhgOhUM=
github.com/buger/jsonparser v0.0.0-20191204142016-1a29609e0929/go.mod h1:tgcrVJ81GPSF0mz+0nu1Xaz0fazGPrmmJfJtxjbHhUQ=
github.com/fatih/color v1.9.0/go.mod h1:eQcE1qtQxscV5RaZvpXrrb8Drkc3/DdQ+uUYCNjL+zU=
github.com/gorilla/mux v1.7.3 h1:gnP5JzjVOuiZD07fKKToCAOjS0yOpj/qPETTXCCS6hw=
github.com/gorilla/mux v1.7.3/go.mod h1:1lud6UwP+6orDFRuTfBEV8e9/aOM/c4fVVCaMa2zaAs=
github.com/gorilla/websocket v1.4.1/go.mod h1:YR8l580nyteQvAITg2hZ9XVh4b55+EU/adAjf1fMHhE=
github.com/mattn/go-colorable v0.1.4/go.mod h1:U0ppj6V5qS13XJ6of8GYAs25YV2eR4EVcfRqFIhoBtE=
github.com/mattn/go-isatty v0.0.8/go.mod h1:Iq45c/XA43vh69/j3iqttzPXn0bhXyGjM0Hdxcsrc5s=
github.com/mattn/go-isatty v0.0.11/go.mod h1:PhnuNfih5lzO57/f3n+odYbM4JtupLOxQOAqxQCu2WE=
github.com/miRemid/amy v0.1.3 h1:mfgW/Ch+Bey2jrzgZZLOOJUSXkfxs4zI0oetNUZUkx4=
github.com/miRemid/amy v0.1.3/go.mod h1:gCDHQwm5alde54c/DnLJ94UKFvF82NdMJvYgAf8nF+0=
github.com/miRemid/hanabi v0.1.3 h1:6bq7wTO7eEoVwwoOXn+CpeaUKcRGKWl23+fijIBbASU=
github.com/miRemid/hanabi v0.1.3/go.mod h1:294VIzXDJFsuaiU8CUuRv68yCLa/eU8oVMU9Aowo9sI=
github.com/mio-qq/mio v0.0.1 h1:QMPwaqLeQVaZgX4HVrb06z0sssDtyau4RYX18t9aI9I=
github.com/mio-qq/mio v0.0.1/go.mod h1:G06RAllXu41s04JEH3LIzIV7xaVYJEHJ/QLf/c9bu0s=
golang.org/x/sys v0.0.0-20190222072716-a9d3bda3a223/go.mod h1:STP8DvDyc/dI5b8T5hshtkjS+E42TnysNCUPdjciGhY=
golang.org/x/sys v0.0.0-20191026070338-33540a1f6037/go.mod h1:h1NjWce9XRLGQEsW7wpKNCjG9DtNlClVuFLEZdDNbEs=
